
Microsoft Visual Studio Solution File, Format Version 12.00
# Visual Studio Version 17
VisualStudioVersion = 17.0.31919.166
MinimumVisualStudioVersion = 10.0.40219.1
Project("{FAE04EC0-301F-11D3-BF4B-00C04F79EFBC}") = "DatabaseSequenceExample", "DatabaseSequenceExample\DatabaseSequenceExample.csproj", "{F49EE04A-1603-4A30-AB55-A722382D38EF}"
EndProject
Global
	GlobalSection(SolutionConfigurationPlatforms) = preSolution
		Debug|Any CPU = Debug|Any CPU
		Release|Any CPU = Release|Any CPU
	EndGlobalSection
	GlobalSection(ProjectConfigurationPlatforms) = postSolution
		{F49EE04A-1603-4A30-AB55-A722382D38EF}.Debug|Any CPU.ActiveCfg = Debug|Any CPU
		{F49EE04A-1603-4A30-AB55-A722382D38EF}.Debug|Any CPU.Build.0 = Debug|Any CPU
		{F49EE04A-1603-4A30-AB55-A722382D38EF}.Release|Any CPU.ActiveCfg = Release|Any CPU
		{F49EE04A-1603-4A30-AB55-A722382D38EF}.Release|Any CPU.Build.0 = Release|Any CPU
	EndGlobalSection
	GlobalSection(SolutionProperties) = preSolution
		HideSolutionNode = FALSE
	EndGlobalSection
	GlobalSection(ExtensibilityGlobals) = postSolution
		SolutionGuid = {1BA24F1E-FEB8-4E2D-AA57-A3B7DF4F5E73}
	EndGlobalSection
EndGlobal
